
Microsoft Visual Studio Solution File, Format Version 12.00
# Visual Studio Version 17
VisualStudioVersion = 17.13.35825.156 d17.13
MinimumVisualStudioVersion = 10.0.40219.1
Project("{FAE04EC0-301F-11D3-BF4B-00C04F79EFBC}") = "RoboTupiniquim", "RoboTupiniquim\RoboTupiniquim.csproj", "{C272AAD1-4156-4D8E-A095-193ED37463E8}"
EndProject
Global
	GlobalSection(SolutionConfigurationPlatforms) = preSolution
		Debug|Any CPU = Debug|Any CPU
		Release|Any CPU = Release|Any CPU
	EndGlobalSection
	GlobalSection(ProjectConfigurationPlatforms) = postSolution
		{C272AAD1-4156-4D8E-A095-193ED37463E8}.Debug|Any CPU.ActiveCfg = Debug|Any CPU
		{C272AAD1-4156-4D8E-A095-193ED37463E8}.Debug|Any CPU.Build.0 = Debug|Any CPU
		{C272AAD1-4156-4D8E-A095-193ED37463E8}.Release|Any CPU.ActiveCfg = Release|Any CPU
		{C272AAD1-4156-4D8E-A095-193ED37463E8}.Release|Any CPU.Build.0 = Release|Any CPU
	EndGlobalSection
	GlobalSection(SolutionProperties) = preSolution
		HideSolutionNode = FALSE
	EndGlobalSection
	GlobalSection(ExtensibilityGlobals) = postSolution
		SolutionGuid = {3E50A69A-D4FE-4393-918A-621CC4AA42F7}
	EndGlobalSection
EndGlobal
